
Microsoft Visual Studio Solution File, Format Version 12.00
# Visual Studio 15
VisualStudioVersion = 15.0.28010.2036
MinimumVisualStudioVersion = 10.0.40219.1
Project("{9A19103F-16F7-4668-BE54-9A1E7A4F7556}") = "Fixtr", "Fixtr\Fixtr.csproj", "{BC6DBDA3-5DFC-4467-A25E-62C25DACEE78}"
EndProject
Project("{FAE04EC0-301F-11D3-BF4B-00C04F79EFBC}") = "Tests", "UnitTestProject1\Tests.csproj", "{EB9DF78B-3E74-4F50-9497-C46EE9CB56D6}"
EndProject
Project("{FAE04EC0-301F-11D3-BF4B-00C04F79EFBC}") = "ConsoleApp1", "ConsoleApp1\ConsoleApp1.csproj", "{71F5FC45-C3D8-4DBD-8B9E-63FC840945D9}"
EndProject
Global
	GlobalSection(SolutionConfigurationPlatforms) = preSolution
		Debug|Any CPU = Debug|Any CPU
		Release|Any CPU = Release|Any CPU
	EndGlobalSection
	GlobalSection(ProjectConfigurationPlatforms) = postSolution
		{BC6DBDA3-5DFC-4467-A25E-62C25DACEE78}.Debug|Any CPU.ActiveCfg = Debug|Any CPU
		{BC6DBDA3-5DFC-4467-A25E-62C25DACEE78}.Debug|Any CPU.Build.0 = Debug|Any CPU
		{BC6DBDA3-5DFC-4467-A25E-62C25DACEE78}.Release|Any CPU.ActiveCfg = Release|Any CPU
		{BC6DBDA3-5DFC-4467-A25E-62C25DACEE78}.Release|Any CPU.Build.0 = Release|Any CPU
		{EB9DF78B-3E74-4F50-9497-C46EE9CB56D6}.Debug|Any CPU.ActiveCfg = Debug|Any CPU
		{EB9DF78B-3E74-4F50-9497-C46EE9CB56D6}.Debug|Any CPU.Build.0 = Debug|Any CPU
		{EB9DF78B-3E74-4F50-9497-C46EE9CB56D6}.Release|Any CPU.ActiveCfg = Release|Any CPU
		{EB9DF78B-3E74-4F50-9497-C46EE9CB56D6}.Release|Any CPU.Build.0 = Release|Any CPU
		{71F5FC45-C3D8-4DBD-8B9E-63FC840945D9}.Debug|Any CPU.ActiveCfg = Debug|Any CPU
		{71F5FC45-C3D8-4DBD-8B9E-63FC840945D9}.Debug|Any CPU.Build.0 = Debug|Any CPU
		{71F5FC45-C3D8-4DBD-8B9E-63FC840945D9}.Release|Any CPU.ActiveCfg = Release|Any CPU
		{71F5FC45-C3D8-4DBD-8B9E-63FC840945D9}.Release|Any CPU.Build.0 = Release|Any CPU
	EndGlobalSection
	GlobalSection(SolutionProperties) = preSolution
		HideSolutionNode = FALSE
	EndGlobalSection
	GlobalSection(ExtensibilityGlobals) = postSolution
		SolutionGuid = {B1BEF999-049F-417A-9BB6-AC9E7A2BF9B7}
	EndGlobalSection
EndGlobal
